// !$*UTF8*$!
{
	archiveVersion = 1;
	classes = {
	};
	objectVersion = 55;
	objects = {

/* Begin PBXBuildFile section */
		627E3705274E20D5005B037F /* AppDelegate.swift in Sources */ = {isa = PBXBuildFile; fileRef = 627E3704274E20D5005B037F /* AppDelegate.swift */; };
		627E370E274E20D7005B037F /* Assets.xcassets in Resources */ = {isa = PBXBuildFile; fileRef = 627E370D274E20D7005B037F /* Assets.xcassets */; };
		627E3711274E20D7005B037F /* LaunchScreen.storyboard in Resources */ = {isa = PBXBuildFile; fileRef = 627E370F274E20D7005B037F /* LaunchScreen.storyboard */; };
		627E371C274E20D8005B037F /* _Tears_iOSTests.swift in Sources */ = {isa = PBXBuildFile; fileRef = 627E371B274E20D8005B037F /* _Tears_iOSTests.swift */; };
		627E3726274E20D8005B037F /* _Tears_iOSUITests.swift in Sources */ = {isa = PBXBuildFile; fileRef = 627E3725274E20D8005B037F /* _Tears_iOSUITests.swift */; };
		627E3728274E20D8005B037F /* _Tears_iOSUITestsLaunchTests.swift in Sources */ = {isa = PBXBuildFile; fileRef = 627E3727274E20D8005B037F /* _Tears_iOSUITestsLaunchTests.swift */; };
		627E3738274E22F5005B037F /* Colors.xcassets in Resources */ = {isa = PBXBuildFile; fileRef = 627E3737274E22F5005B037F /* Colors.xcassets */; };
		627E373C274E4AAB005B037F /* AppServices.swift in Sources */ = {isa = PBXBuildFile; fileRef = 627E373B274E4AAA005B037F /* AppServices.swift */; };
		627E373F274E4B64005B037F /* RankStep.swift in Sources */ = {isa = PBXBuildFile; fileRef = 627E373E274E4B64005B037F /* RankStep.swift */; };
		627E3741274E4C96005B037F /* AppFlow.swift in Sources */ = {isa = PBXBuildFile; fileRef = 627E3740274E4C96005B037F /* AppFlow.swift */; };
		627E3743274E4D24005B037F /* AppStepper.swift in Sources */ = {isa = PBXBuildFile; fileRef = 627E3742274E4D24005B037F /* AppStepper.swift */; };
		627E3745274E4F0D005B037F /* SplashFlow.swift in Sources */ = {isa = PBXBuildFile; fileRef = 627E3744274E4F0D005B037F /* SplashFlow.swift */; };
		627E3747274E54FF005B037F /* SignFlow.swift in Sources */ = {isa = PBXBuildFile; fileRef = 627E3746274E54FF005B037F /* SignFlow.swift */; };
		627E3758274E5A02005B037F /* SignInViewController.swift in Sources */ = {isa = PBXBuildFile; fileRef = 627E3757274E5A02005B037F /* SignInViewController.swift */; };
		627E375A274E5A26005B037F /* SignInViewReactor.swift in Sources */ = {isa = PBXBuildFile; fileRef = 627E3759274E5A26005B037F /* SignInViewReactor.swift */; };
		627E375D274E5AD5005B037F /* BaseViewController.swift in Sources */ = {isa = PBXBuildFile; fileRef = 627E375C274E5AD5005B037F /* BaseViewController.swift */; };
		627E3760274E5F99005B037F /* Network.swift in Sources */ = {isa = PBXBuildFile; fileRef = 627E375F274E5F99005B037F /* Network.swift */; };
		627E3762274E5FFF005B037F /* NetworkResult.swift in Sources */ = {isa = PBXBuildFile; fileRef = 627E3761274E5FFF005B037F /* NetworkResult.swift */; };
		627E3764274E6021005B037F /* NetworkError.swift in Sources */ = {isa = PBXBuildFile; fileRef = 627E3763274E6021005B037F /* NetworkError.swift */; };
		627E3768274E6403005B037F /* SnapKit.swift in Sources */ = {isa = PBXBuildFile; fileRef = 627E3767274E6403005B037F /* SnapKit.swift */; };
		627E3773274E68B1005B037F /* Preview.swift in Sources */ = {isa = PBXBuildFile; fileRef = 627E3772274E68B1005B037F /* Preview.swift */; };
		627E377A274E7D2F005B037F /* NotoSansKR-Medium.otf in Resources */ = {isa = PBXBuildFile; fileRef = 627E3774274E7D2D005B037F /* NotoSansKR-Medium.otf */; };
		627E377B274E7D2F005B037F /* NotoSansKR-Regular.otf in Resources */ = {isa = PBXBuildFile; fileRef = 627E3775274E7D2D005B037F /* NotoSansKR-Regular.otf */; };
		627E377C274E7D2F005B037F /* NotoSansKR-Thin.otf in Resources */ = {isa = PBXBuildFile; fileRef = 627E3776274E7D2E005B037F /* NotoSansKR-Thin.otf */; };
		627E377D274E7D2F005B037F /* NotoSansKR-Black.otf in Resources */ = {isa = PBXBuildFile; fileRef = 627E3777274E7D2E005B037F /* NotoSansKR-Black.otf */; };
		627E377E274E7D2F005B037F /* NotoSansKR-Light.otf in Resources */ = {isa = PBXBuildFile; fileRef = 627E3778274E7D2F005B037F /* NotoSansKR-Light.otf */; };
		627E377F274E7D2F005B037F /* NotoSansKR-Bold.otf in Resources */ = {isa = PBXBuildFile; fileRef = 627E3779274E7D2F005B037F /* NotoSansKR-Bold.otf */; };
		62EC2A87274E9652003EDC25 /* BlackHanSans-Regular.ttf in Resources */ = {isa = PBXBuildFile; fileRef = 62EC2A86274E9652003EDC25 /* BlackHanSans-Regular.ttf */; };
		62EC2B11274EA321003EDC25 /* UIViewPreview.swift in Sources */ = {isa = PBXBuildFile; fileRef = 62EC2B10274EA321003EDC25 /* UIViewPreview.swift */; };
		62EC2B13274EA354003EDC25 /* UIViewControllerPreview.swift in Sources */ = {isa = PBXBuildFile; fileRef = 62EC2B12274EA354003EDC25 /* UIViewControllerPreview.swift */; };
		62EC2B15274EA368003EDC25 /* DeviceType.swift in Sources */ = {isa = PBXBuildFile; fileRef = 62EC2B14274EA368003EDC25 /* DeviceType.swift */; };
		62EC2B19274EA65A003EDC25 /* RankTextField.swift in Sources */ = {isa = PBXBuildFile; fileRef = 62EC2B18274EA65A003EDC25 /* RankTextField.swift */; };
		62EC2B1B274EA753003EDC25 /* UITextField.swift in Sources */ = {isa = PBXBuildFile; fileRef = 62EC2B1A274EA753003EDC25 /* UITextField.swift */; };
		62EC2B1D274EAB63003EDC25 /* RankButton.swift in Sources */ = {isa = PBXBuildFile; fileRef = 62EC2B1C274EAB63003EDC25 /* RankButton.swift */; };
		62EC2B20274EF5E4003EDC25 /* SignUpViewController.swift in Sources */ = {isa = PBXBuildFile; fileRef = 62EC2B1F274EF5E4003EDC25 /* SignUpViewController.swift */; };
		62EC2B22274EF71D003EDC25 /* SignUpViewReactor.swift in Sources */ = {isa = PBXBuildFile; fileRef = 62EC2B21274EF71D003EDC25 /* SignUpViewReactor.swift */; };
		62EC2B2C274F0E61003EDC25 /* NewPostViewController.swift in Sources */ = {isa = PBXBuildFile; fileRef = 62EC2B2B274F0E61003EDC25 /* NewPostViewController.swift */; };
		62EC2B2E274F0E71003EDC25 /* NewPostViewReactor.swift in Sources */ = {isa = PBXBuildFile; fileRef = 62EC2B2D274F0E71003EDC25 /* NewPostViewReactor.swift */; };
		62EC2B30274F0F9C003EDC25 /* PostViewController.swift in Sources */ = {isa = PBXBuildFile; fileRef = 62EC2B2F274F0F9C003EDC25 /* PostViewController.swift */; };
		62EC2B33274F2235003EDC25 /* WriteViewController.swift in Sources */ = {isa = PBXBuildFile; fileRef = 62EC2B32274F2235003EDC25 /* WriteViewController.swift */; };
		62EC2B35274F224C003EDC25 /* WriteViewReactor.swift in Sources */ = {isa = PBXBuildFile; fileRef = 62EC2B34274F224C003EDC25 /* WriteViewReactor.swift */; };
		62EC2B3B274F2B84003EDC25 /* SplashViewReactor.swift in Sources */ = {isa = PBXBuildFile; fileRef = 62EC2B3A274F2B84003EDC25 /* SplashViewReactor.swift */; };
		62EC2B3D274F2BFB003EDC25 /* SplashViewController.swift in Sources */ = {isa = PBXBuildFile; fileRef = 62EC2B3C274F2BFB003EDC25 /* SplashViewController.swift */; };
		62EC2B41274F3897003EDC25 /* PostListCellReactor.swift in Sources */ = {isa = PBXBuildFile; fileRef = 62EC2B40274F3897003EDC25 /* PostListCellReactor.swift */; };
		62EC2B44274F3ACD003EDC25 /* PostViewSection.swift in Sources */ = {isa = PBXBuildFile; fileRef = 62EC2B43274F3ACD003EDC25 /* PostViewSection.swift */; };
		62EC2B46274F4058003EDC25 /* Date.swift in Sources */ = {isa = PBXBuildFile; fileRef = 62EC2B45274F4058003EDC25 /* Date.swift */; };
		62EC2B48274F4A5D003EDC25 /* HomeFlow.swift in Sources */ = {isa = PBXBuildFile; fileRef = 62EC2B47274F4A5D003EDC25 /* HomeFlow.swift */; };
		62EC2B4A274F4AFF003EDC25 /* PostViewReactor.swift in Sources */ = {isa = PBXBuildFile; fileRef = 62EC2B49274F4AFF003EDC25 /* PostViewReactor.swift */; };
		62EC2B4D274F559B003EDC25 /* PostListTableViewCell.swift in Sources */ = {isa = PBXBuildFile; fileRef = 62EC2B4C274F559B003EDC25 /* PostListTableViewCell.swift */; };
		62EC2B50274F5BD8003EDC25 /* MyPageViewController.swift in Sources */ = {isa = PBXBuildFile; fileRef = 62EC2B4F274F5BD8003EDC25 /* MyPageViewController.swift */; };
		62EC2B52274F5BE8003EDC25 /* MyPageViewReactor.swift in Sources */ = {isa = PBXBuildFile; fileRef = 62EC2B51274F5BE8003EDC25 /* MyPageViewReactor.swift */; };
		62EC2B55274F648A003EDC25 /* HotPostViewController.swift in Sources */ = {isa = PBXBuildFile; fileRef = 62EC2B54274F648A003EDC25 /* HotPostViewController.swift */; };
		62EC2B57274F64A3003EDC25 /* HotPostViewReactor.swift in Sources */ = {isa = PBXBuildFile; fileRef = 62EC2B56274F64A3003EDC25 /* HotPostViewReactor.swift */; };
		9CB0C229CA6EFD1146697215 /* Pods_SW_9Tears_iOS_SW_9Tears_iOSUITests.framework in Frameworks */ = {isa = PBXBuildFile; fileRef = 7ED7919B3899C29AB313179E /* Pods_SW_9Tears_iOS_SW_9Tears_iOSUITests.framework */; };
		C4E488DC364BEE42EA6B29AC /* Pods_SW_9Tears_iOS.framework in Frameworks */ = {isa = PBXBuildFile; fileRef = 4C4C006BE57DAB23CB85E00F /* Pods_SW_9Tears_iOS.framework */; };
		C8E39DFA3FBE03745E108186 /* Pods_SW_9Tears_iOSTests.framework in Frameworks */ = {isa = PBXBuildFile; fileRef = 6D202459CFCF91CAB66866D4 /* Pods_SW_9Tears_iOSTests.framework */; };
		EF9152EF274F2F9F0089770C /* RankViewController.swift in Sources */ = {isa = PBXBuildFile; fileRef = EF9152EE274F2F9F0089770C /* RankViewController.swift */; };
		EF9152F2274F2FF80089770C /* RankPostViewController.swift in Sources */ = {isa = PBXBuildFile; fileRef = EF9152F1274F2FF80089770C /* RankPostViewController.swift */; };
		EF9152F4274F30000089770C /* RankCommentViewController.swift in Sources */ = {isa = PBXBuildFile; fileRef = EF9152F3274F30000089770C /* RankCommentViewController.swift */; };
		EF9152F6274F43A60089770C /* RankPostViewReactor.swift in Sources */ = {isa = PBXBuildFile; fileRef = EF9152F5274F43A50089770C /* RankPostViewReactor.swift */; };
		EF9152FA274F49BC0089770C /* RankCommentViewReactor.swift in Sources */ = {isa = PBXBuildFile; fileRef = EF9152F9274F49BC0089770C /* RankCommentViewReactor.swift */; };
		EFC07A90274F6199008B69A1 /* RankCollectionViewCell.swift in Sources */ = {isa = PBXBuildFile; fileRef = EFC07A8F274F6199008B69A1 /* RankCollectionViewCell.swift */; };
		EFC07A92274F62D9008B69A1 /* RankView.swift in Sources */ = {isa = PBXBuildFile; fileRef = EFC07A91274F62D9008B69A1 /* RankView.swift */; };
/* End PBXBuildFile section */

/* Begin PBXContainerItemProxy section */
		627E3718274E20D8005B037F /* PBXContainerItemProxy */ = {
			isa = PBXContainerItemProxy;
			containerPortal = 627E36F9274E20D5005B037F /* Project object */;
			proxyType = 1;
			remoteGlobalIDString = 627E3700274E20D5005B037F;
			remoteInfo = "9Tears-iOS";
		};
		627E3722274E20D8005B037F /* PBXContainerItemProxy */ = {
			isa = PBXContainerItemProxy;
			containerPortal = 627E36F9274E20D5005B037F /* Project object */;
			proxyType = 1;
			remoteGlobalIDString = 627E3700274E20D5005B037F;
			remoteInfo = "9Tears-iOS";
		};
/* End PBXContainerItemProxy section */

/* Begin PBXFileReference section */
		034A696C30DCD8940E1F371A /* Pods-SW-9Tears-iOSTests.debug.xcconfig */ = {isa = PBXFileReference; includeInIndex = 1; lastKnownFileType = text.xcconfig; name = "Pods-SW-9Tears-iOSTests.debug.xcconfig"; path = "Target Support Files/Pods-SW-9Tears-iOSTests/Pods-SW-9Tears-iOSTests.debug.xcconfig"; sourceTree = "<group>"; };
		29F4170F6D4CB8852B41EE6E /* Pods-9Tears-iOSTests.debug.xcconfig */ = {isa = PBXFileReference; includeInIndex = 1; lastKnownFileType = text.xcconfig; name = "Pods-9Tears-iOSTests.debug.xcconfig"; path = "Target Support Files/Pods-9Tears-iOSTests/Pods-9Tears-iOSTests.debug.xcconfig"; sourceTree = "<group>"; };
		329105212BB4E5C837E07AD7 /* Pods-9Tears-iOS-9Tears-iOSUITests.debug.xcconfig */ = {isa = PBXFileReference; includeInIndex = 1; lastKnownFileType = text.xcconfig; name = "Pods-9Tears-iOS-9Tears-iOSUITests.debug.xcconfig"; path = "Target Support Files/Pods-9Tears-iOS-9Tears-iOSUITests/Pods-9Tears-iOS-9Tears-iOSUITests.debug.xcconfig"; sourceTree = "<group>"; };
		4C4C006BE57DAB23CB85E00F /* Pods_SW_9Tears_iOS.framework */ = {isa = PBXFileReference; explicitFileType = wrapper.framework; includeInIndex = 0; path = Pods_SW_9Tears_iOS.framework; sourceTree = BUILT_PRODUCTS_DIR; };
		5CFA293C05842F8F4B59C4DF /* Pods-9Tears-iOS-9Tears-iOSUITests.release.xcconfig */ = {isa = PBXFileReference; includeInIndex = 1; lastKnownFileType = text.xcconfig; name = "Pods-9Tears-iOS-9Tears-iOSUITests.release.xcconfig"; path = "Target Support Files/Pods-9Tears-iOS-9Tears-iOSUITests/Pods-9Tears-iOS-9Tears-iOSUITests.release.xcconfig"; sourceTree = "<group>"; };
		627E3701274E20D5005B037F /* SW-9Tears-iOS.app */ = {isa = PBXFileReference; explicitFileType = wrapper.application; includeInIndex = 0; path = "SW-9Tears-iOS.app"; sourceTree = BUILT_PRODUCTS_DIR; };
		627E3704274E20D5005B037F /* AppDelegate.swift */ = {isa = PBXFileReference; lastKnownFileType = sourcecode.swift; path = AppDelegate.swift; sourceTree = "<group>"; };
		627E370D274E20D7005B037F /* Assets.xcassets */ = {isa = PBXFileReference; lastKnownFileType = folder.assetcatalog; path = Assets.xcassets; sourceTree = "<group>"; };
		627E3710274E20D7005B037F /* Base */ = {isa = PBXFileReference; lastKnownFileType = file.storyboard; name = Base; path = Base.lproj/LaunchScreen.storyboard; sourceTree = "<group>"; };
		627E3712274E20D7005B037F /* Info.plist */ = {isa = PBXFileReference; lastKnownFileType = text.plist.xml; path = Info.plist; sourceTree = "<group>"; };
		627E3717274E20D8005B037F /* SW-9Tears-iOSTests.xctest */ = {isa = PBXFileReference; explicitFileType = wrapper.cfbundle; includeInIndex = 0; path = "SW-9Tears-iOSTests.xctest"; sourceTree = BUILT_PRODUCTS_DIR; };
		627E371B274E20D8005B037F /* _Tears_iOSTests.swift */ = {isa = PBXFileReference; lastKnownFileType = sourcecode.swift; path = _Tears_iOSTests.swift; sourceTree = "<group>"; };
		627E3721274E20D8005B037F /* SW-9Tears-iOSUITests.xctest */ = {isa = PBXFileReference; explicitFileType = wrapper.cfbundle; includeInIndex = 0; path = "SW-9Tears-iOSUITests.xctest"; sourceTree = BUILT_PRODUCTS_DIR; };
		627E3725274E20D8005B037F /* _Tears_iOSUITests.swift */ = {isa = PBXFileReference; lastKnownFileType = sourcecode.swift; path = _Tears_iOSUITests.swift; sourceTree = "<group>"; };
		627E3727274E20D8005B037F /* _Tears_iOSUITestsLaunchTests.swift */ = {isa = PBXFileReference; lastKnownFileType = sourcecode.swift; path = _Tears_iOSUITestsLaunchTests.swift; sourceTree = "<group>"; };
		627E3737274E22F5005B037F /* Colors.xcassets */ = {isa = PBXFileReference; lastKnownFileType = folder.assetcatalog; path = Colors.xcassets; sourceTree = "<group>"; };
		627E373B274E4AAA005B037F /* AppServices.swift */ = {isa = PBXFileReference; lastKnownFileType = sourcecode.swift; path = AppServices.swift; sourceTree = "<group>"; };
		627E373E274E4B64005B037F /* RankStep.swift */ = {isa = PBXFileReference; lastKnownFileType = sourcecode.swift; path = RankStep.swift; sourceTree = "<group>"; };
		627E3740274E4C96005B037F /* AppFlow.swift */ = {isa = PBXFileReference; lastKnownFileType = sourcecode.swift; path = AppFlow.swift; sourceTree = "<group>"; };
		627E3742274E4D24005B037F /* AppStepper.swift */ = {isa = PBXFileReference; lastKnownFileType = sourcecode.swift; path = AppStepper.swift; sourceTree = "<group>"; };
		627E3744274E4F0D005B037F /* SplashFlow.swift */ = {isa = PBXFileReference; lastKnownFileType = sourcecode.swift; path = SplashFlow.swift; sourceTree = "<group>"; };
		627E3746274E54FF005B037F /* SignFlow.swift */ = {isa = PBXFileReference; lastKnownFileType = sourcecode.swift; path = SignFlow.swift; sourceTree = "<group>"; };
		627E3757274E5A02005B037F /* SignInViewController.swift */ = {isa = PBXFileReference; lastKnownFileType = sourcecode.swift; path = SignInViewController.swift; sourceTree = "<group>"; };
		627E3759274E5A26005B037F /* SignInViewReactor.swift */ = {isa = PBXFileReference; lastKnownFileType = sourcecode.swift; path = SignInViewReactor.swift; sourceTree = "<group>"; };
		627E375C274E5AD5005B037F /* BaseViewController.swift */ = {isa = PBXFileReference; lastKnownFileType = sourcecode.swift; path = BaseViewController.swift; sourceTree = "<group>"; };
		627E375F274E5F99005B037F /* Network.swift */ = {isa = PBXFileReference; lastKnownFileType = sourcecode.swift; path = Network.swift; sourceTree = "<group>"; };
		627E3761274E5FFF005B037F /* NetworkResult.swift */ = {isa = PBXFileReference; lastKnownFileType = sourcecode.swift; path = NetworkResult.swift; sourceTree = "<group>"; };
		627E3763274E6021005B037F /* NetworkError.swift */ = {isa = PBXFileReference; lastKnownFileType = sourcecode.swift; path = NetworkError.swift; sourceTree = "<group>"; };
		627E3767274E6403005B037F /* SnapKit.swift */ = {isa = PBXFileReference; lastKnownFileType = sourcecode.swift; path = SnapKit.swift; sourceTree = "<group>"; };
		627E3772274E68B1005B037F /* Preview.swift */ = {isa = PBXFileReference; lastKnownFileType = sourcecode.swift; path = Preview.swift; sourceTree = "<group>"; };
		627E3774274E7D2D005B037F /* NotoSansKR-Medium.otf */ = {isa = PBXFileReference; lastKnownFileType = file; path = "NotoSansKR-Medium.otf"; sourceTree = "<group>"; };
		627E3775274E7D2D005B037F /* NotoSansKR-Regular.otf */ = {isa = PBXFileReference; lastKnownFileType = file; path = "NotoSansKR-Regular.otf"; sourceTree = "<group>"; };
		627E3776274E7D2E005B037F /* NotoSansKR-Thin.otf */ = {isa = PBXFileReference; lastKnownFileType = file; path = "NotoSansKR-Thin.otf"; sourceTree = "<group>"; };
		627E3777274E7D2E005B037F /* NotoSansKR-Black.otf */ = {isa = PBXFileReference; lastKnownFileType = file; path = "NotoSansKR-Black.otf"; sourceTree = "<group>"; };
		627E3778274E7D2F005B037F /* NotoSansKR-Light.otf */ = {isa = PBXFileReference; lastKnownFileType = file; path = "NotoSansKR-Light.otf"; sourceTree = "<group>"; };
		627E3779274E7D2F005B037F /* NotoSansKR-Bold.otf */ = {isa = PBXFileReference; lastKnownFileType = file; path = "NotoSansKR-Bold.otf"; sourceTree = "<group>"; };
		62EC2A86274E9652003EDC25 /* BlackHanSans-Regular.ttf */ = {isa = PBXFileReference; lastKnownFileType = file; path = "BlackHanSans-Regular.ttf"; sourceTree = "<group>"; };
		62EC2B10274EA321003EDC25 /* UIViewPreview.swift */ = {isa = PBXFileReference; lastKnownFileType = sourcecode.swift; path = UIViewPreview.swift; sourceTree = "<group>"; };
		62EC2B12274EA354003EDC25 /* UIViewControllerPreview.swift */ = {isa = PBXFileReference; lastKnownFileType = sourcecode.swift; path = UIViewControllerPreview.swift; sourceTree = "<group>"; };
		62EC2B14274EA368003EDC25 /* DeviceType.swift */ = {isa = PBXFileReference; lastKnownFileType = sourcecode.swift; path = DeviceType.swift; sourceTree = "<group>"; };
		62EC2B18274EA65A003EDC25 /* RankTextField.swift */ = {isa = PBXFileReference; lastKnownFileType = sourcecode.swift; path = RankTextField.swift; sourceTree = "<group>"; };
		62EC2B1A274EA753003EDC25 /* UITextField.swift */ = {isa = PBXFileReference; lastKnownFileType = sourcecode.swift; path = UITextField.swift; sourceTree = "<group>"; };
		62EC2B1C274EAB63003EDC25 /* RankButton.swift */ = {isa = PBXFileReference; lastKnownFileType = sourcecode.swift; path = RankButton.swift; sourceTree = "<group>"; };
		62EC2B1F274EF5E4003EDC25 /* SignUpViewController.swift */ = {isa = PBXFileReference; lastKnownFileType = sourcecode.swift; path = SignUpViewController.swift; sourceTree = "<group>"; };
		62EC2B21274EF71D003EDC25 /* SignUpViewReactor.swift */ = {isa = PBXFileReference; lastKnownFileType = sourcecode.swift; path = SignUpViewReactor.swift; sourceTree = "<group>"; };
		62EC2B2B274F0E61003EDC25 /* NewPostViewController.swift */ = {isa = PBXFileReference; lastKnownFileType = sourcecode.swift; path = NewPostViewController.swift; sourceTree = "<group>"; };
		62EC2B2D274F0E71003EDC25 /* NewPostViewReactor.swift */ = {isa = PBXFileReference; lastKnownFileType = sourcecode.swift; path = NewPostViewReactor.swift; sourceTree = "<group>"; };
		62EC2B2F274F0F9C003EDC25 /* PostViewController.swift */ = {isa = PBXFileReference; lastKnownFileType = sourcecode.swift; path = PostViewController.swift; sourceTree = "<group>"; };
		62EC2B32274F2235003EDC25 /* WriteViewController.swift */ = {isa = PBXFileReference; lastKnownFileType = sourcecode.swift; path = WriteViewController.swift; sourceTree = "<group>"; };
		62EC2B34274F224C003EDC25 /* WriteViewReactor.swift */ = {isa = PBXFileReference; lastKnownFileType = sourcecode.swift; path = WriteViewReactor.swift; sourceTree = "<group>"; };
		62EC2B3A274F2B84003EDC25 /* SplashViewReactor.swift */ = {isa = PBXFileReference; lastKnownFileType = sourcecode.swift; path = SplashViewReactor.swift; sourceTree = "<group>"; };
		62EC2B3C274F2BFB003EDC25 /* SplashViewController.swift */ = {isa = PBXFileReference; lastKnownFileType = sourcecode.swift; path = SplashViewController.swift; sourceTree = "<group>"; };
		62EC2B40274F3897003EDC25 /* PostListCellReactor.swift */ = {isa = PBXFileReference; lastKnownFileType = sourcecode.swift; path = PostListCellReactor.swift; sourceTree = "<group>"; };
		62EC2B43274F3ACD003EDC25 /* PostViewSection.swift */ = {isa = PBXFileReference; lastKnownFileType = sourcecode.swift; path = PostViewSection.swift; sourceTree = "<group>"; };
		62EC2B45274F4058003EDC25 /* Date.swift */ = {isa = PBXFileReference; lastKnownFileType = sourcecode.swift; path = Date.swift; sourceTree = "<group>"; };
		62EC2B47274F4A5D003EDC25 /* HomeFlow.swift */ = {isa = PBXFileReference; lastKnownFileType = sourcecode.swift; path = HomeFlow.swift; sourceTree = "<group>"; };
		62EC2B49274F4AFF003EDC25 /* PostViewReactor.swift */ = {isa = PBXFileReference; lastKnownFileType = sourcecode.swift; path = PostViewReactor.swift; sourceTree = "<group>"; };
		62EC2B4C274F559B003EDC25 /* PostListTableViewCell.swift */ = {isa = PBXFileReference; fileEncoding = 4; lastKnownFileType = sourcecode.swift; path = PostListTableViewCell.swift; sourceTree = "<group>"; };
		62EC2B4F274F5BD8003EDC25 /* MyPageViewController.swift */ = {isa = PBXFileReference; lastKnownFileType = sourcecode.swift; path = MyPageViewController.swift; sourceTree = "<group>"; };
		62EC2B51274F5BE8003EDC25 /* MyPageViewReactor.swift */ = {isa = PBXFileReference; lastKnownFileType = sourcecode.swift; path = MyPageViewReactor.swift; sourceTree = "<group>"; };
		62EC2B54274F648A003EDC25 /* HotPostViewController.swift */ = {isa = PBXFileReference; lastKnownFileType = sourcecode.swift; path = HotPostViewController.swift; sourceTree = "<group>"; };
		62EC2B56274F64A3003EDC25 /* HotPostViewReactor.swift */ = {isa = PBXFileReference; lastKnownFileType = sourcecode.swift; path = HotPostViewReactor.swift; sourceTree = "<group>"; };
		6D202459CFCF91CAB66866D4 /* Pods_SW_9Tears_iOSTests.framework */ = {isa = PBXFileReference; explicitFileType = wrapper.framework; includeInIndex = 0; path = Pods_SW_9Tears_iOSTests.framework; sourceTree = BUILT_PRODUCTS_DIR; };
		6E3BA2AA44BB480ADDB76109 /* Pods-9Tears-iOS.debug.xcconfig */ = {isa = PBXFileReference; includeInIndex = 1; lastKnownFileType = text.xcconfig; name = "Pods-9Tears-iOS.debug.xcconfig"; path = "Target Support Files/Pods-9Tears-iOS/Pods-9Tears-iOS.debug.xcconfig"; sourceTree = "<group>"; };
		7ED7919B3899C29AB313179E /* Pods_SW_9Tears_iOS_SW_9Tears_iOSUITests.framework */ = {isa = PBXFileReference; explicitFileType = wrapper.framework; includeInIndex = 0; path = Pods_SW_9Tears_iOS_SW_9Tears_iOSUITests.framework; sourceTree = BUILT_PRODUCTS_DIR; };
		91EE0834EFAE0880373D1F18 /* Pods-SW-9Tears-iOS.release.xcconfig */ = {isa = PBXFileReference; includeInIndex = 1; lastKnownFileType = text.xcconfig; name = "Pods-SW-9Tears-iOS.release.xcconfig"; path = "Target Support Files/Pods-SW-9Tears-iOS/Pods-SW-9Tears-iOS.release.xcconfig"; sourceTree = "<group>"; };
		CB9D901B39E193791E48EF7B /* Pods-9Tears-iOSTests.release.xcconfig */ = {isa = PBXFileReference; includeInIndex = 1; lastKnownFileType = text.xcconfig; name = "Pods-9Tears-iOSTests.release.xcconfig"; path = "Target Support Files/Pods-9Tears-iOSTests/Pods-9Tears-iOSTests.release.xcconfig"; sourceTree = "<group>"; };
		CCA816EBA856F39F18FD59B3 /* Pods-9Tears-iOS.release.xcconfig */ = {isa = PBXFileReference; includeInIndex = 1; lastKnownFileType = text.xcconfig; name = "Pods-9Tears-iOS.release.xcconfig"; path = "Target Support Files/Pods-9Tears-iOS/Pods-9Tears-iOS.release.xcconfig"; sourceTree = "<group>"; };
		DC4F34CB85CC44EA9C9180A0 /* Pods-SW-9Tears-iOS-SW-9Tears-iOSUITests.debug.xcconfig */ = {isa = PBXFileReference; includeInIndex = 1; lastKnownFileType = text.xcconfig; name = "Pods-SW-9Tears-iOS-SW-9Tears-iOSUITests.debug.xcconfig"; path = "Target Support Files/Pods-SW-9Tears-iOS-SW-9Tears-iOSUITests/Pods-SW-9Tears-iOS-SW-9Tears-iOSUITests.debug.xcconfig"; sourceTree = "<group>"; };
		E12A6B47D8F776C2F38F85D1 /* Pods-SW-9Tears-iOS-SW-9Tears-iOSUITests.release.xcconfig */ = {isa = PBXFileReference; includeInIndex = 1; lastKnownFileType = text.xcconfig; name = "Pods-SW-9Tears-iOS-SW-9Tears-iOSUITests.release.xcconfig"; path = "Target Support Files/Pods-SW-9Tears-iOS-SW-9Tears-iOSUITests/Pods-SW-9Tears-iOS-SW-9Tears-iOSUITests.release.xcconfig"; sourceTree = "<group>"; };
		E5FD236EBBDF71D39A57ED27 /* Pods-SW-9Tears-iOS.debug.xcconfig */ = {isa = PBXFileReference; includeInIndex = 1; lastKnownFileType = text.xcconfig; name = "Pods-SW-9Tears-iOS.debug.xcconfig"; path = "Target Support Files/Pods-SW-9Tears-iOS/Pods-SW-9Tears-iOS.debug.xcconfig"; sourceTree = "<group>"; };
		E9C304E280AFA4C0E571AC03 /* Pods-SW-9Tears-iOSTests.release.xcconfig */ = {isa = PBXFileReference; includeInIndex = 1; lastKnownFileType = text.xcconfig; name = "Pods-SW-9Tears-iOSTests.release.xcconfig"; path = "Target Support Files/Pods-SW-9Tears-iOSTests/Pods-SW-9Tears-iOSTests.release.xcconfig"; sourceTree = "<group>"; };
		EF9152EE274F2F9F0089770C /* RankViewController.swift */ = {isa = PBXFileReference; lastKnownFileType = sourcecode.swift; path = RankViewController.swift; sourceTree = "<group>"; };
		EF9152F1274F2FF80089770C /* RankPostViewController.swift */ = {isa = PBXFileReference; lastKnownFileType = sourcecode.swift; path = RankPostViewController.swift; sourceTree = "<group>"; };
		EF9152F3274F30000089770C /* RankCommentViewController.swift */ = {isa = PBXFileReference; lastKnownFileType = sourcecode.swift; path = RankCommentViewController.swift; sourceTree = "<group>"; };
		EF9152F5274F43A50089770C /* RankPostViewReactor.swift */ = {isa = PBXFileReference; lastKnownFileType = sourcecode.swift; path = RankPostViewReactor.swift; sourceTree = "<group>"; };
		EF9152F9274F49BC0089770C /* RankCommentViewReactor.swift */ = {isa = PBXFileReference; lastKnownFileType = sourcecode.swift; path = RankCommentViewReactor.swift; sourceTree = "<group>"; };
		EFC07A8F274F6199008B69A1 /* RankCollectionViewCell.swift */ = {isa = PBXFileReference; lastKnownFileType = sourcecode.swift; path = RankCollectionViewCell.swift; sourceTree = "<group>"; };
		EFC07A91274F62D9008B69A1 /* RankView.swift */ = {isa = PBXFileReference; lastKnownFileType = sourcecode.swift; path = RankView.swift; sourceTree = "<group>"; };
/* End PBXFileReference section */

/* Begin PBXFrameworksBuildPhase section */
		627E36FE274E20D5005B037F /* Frameworks */ = {
			isa = PBXFrameworksBuildPhase;
			buildActionMask = 2147483647;
			files = (
				C4E488DC364BEE42EA6B29AC /* Pods_SW_9Tears_iOS.framework in Frameworks */,
			);
			runOnlyForDeploymentPostprocessing = 0;
		};
		627E3714274E20D8005B037F /* Frameworks */ = {
			isa = PBXFrameworksBuildPhase;
			buildActionMask = 2147483647;
			files = (
				C8E39DFA3FBE03745E108186 /* Pods_SW_9Tears_iOSTests.framework in Frameworks */,
			);
			runOnlyForDeploymentPostprocessing = 0;
		};
		627E371E274E20D8005B037F /* Frameworks */ = {
			isa = PBXFrameworksBuildPhase;
			buildActionMask = 2147483647;
			files = (
				9CB0C229CA6EFD1146697215 /* Pods_SW_9Tears_iOS_SW_9Tears_iOSUITests.framework in Frameworks */,
			);
			runOnlyForDeploymentPostprocessing = 0;
		};
/* End PBXFrameworksBuildPhase section */

/* Begin PBXGroup section */
		627E36F8274E20D5005B037F = {
			isa = PBXGroup;
			children = (
				627E3703274E20D5005B037F /* SW-9Tears-iOS */,
				627E371A274E20D8005B037F /* SW-9Tears-iOSTests */,
				627E3724274E20D8005B037F /* SW-9Tears-iOSUITests */,
				627E3702274E20D5005B037F /* Products */,
				808733A000B7C2F27259AB20 /* Pods */,
				BA8CDFF086F0F581C1D28239 /* Frameworks */,
			);
			sourceTree = "<group>";
		};
		627E3702274E20D5005B037F /* Products */ = {
			isa = PBXGroup;
			children = (
				627E3701274E20D5005B037F /* SW-9Tears-iOS.app */,
				627E3717274E20D8005B037F /* SW-9Tears-iOSTests.xctest */,
				627E3721274E20D8005B037F /* SW-9Tears-iOSUITests.xctest */,
			);
			name = Products;
			sourceTree = "<group>";
		};
		627E3703274E20D5005B037F /* SW-9Tears-iOS */ = {
			isa = PBXGroup;
			children = (
				627E3772274E68B1005B037F /* Preview.swift */,
				627E3734274E22B1005B037F /* Source */,
				627E3735274E22B9005B037F /* Resource */,
				627E3736274E22C3005B037F /* SupportingFile */,
			);
			path = "SW-9Tears-iOS";
			sourceTree = "<group>";
		};
		627E371A274E20D8005B037F /* SW-9Tears-iOSTests */ = {
			isa = PBXGroup;
			children = (
				627E371B274E20D8005B037F /* _Tears_iOSTests.swift */,
			);
			path = "SW-9Tears-iOSTests";
			sourceTree = "<group>";
		};
		627E3724274E20D8005B037F /* SW-9Tears-iOSUITests */ = {
			isa = PBXGroup;
			children = (
				627E3725274E20D8005B037F /* _Tears_iOSUITests.swift */,
				627E3727274E20D8005B037F /* _Tears_iOSUITestsLaunchTests.swift */,
			);
			path = "SW-9Tears-iOSUITests";
			sourceTree = "<group>";
		};
		627E3734274E22B1005B037F /* Source */ = {
			isa = PBXGroup;
			children = (
				627E3739274E237A005B037F /* Application */,
				62EC2B42274F3AB5003EDC25 /* Section */,
				627E373D274E4B2D005B037F /* Flow */,
				627E375E274E5F6E005B037F /* Network */,
				62EC2B17274EA641003EDC25 /* View */,
				627E373A274E238C005B037F /* ViewControllers */,
				627E375B274E5A5C005B037F /* Base */,
				627E3765274E63E1005B037F /* Extension */,
				62EC2B0F274EA30A003EDC25 /* Utils */,
			);
			path = Source;
			sourceTree = "<group>";
		};
		627E3735274E22B9005B037F /* Resource */ = {
			isa = PBXGroup;
			children = (
				627E3748274E575A005B037F /* Fonts */,
				627E370F274E20D7005B037F /* LaunchScreen.storyboard */,
				627E370D274E20D7005B037F /* Assets.xcassets */,
				627E3737274E22F5005B037F /* Colors.xcassets */,
			);
			path = Resource;
			sourceTree = "<group>";
		};
		627E3736274E22C3005B037F /* SupportingFile */ = {
			isa = PBXGroup;
			children = (
				627E3712274E20D7005B037F /* Info.plist */,
			);
			path = SupportingFile;
			sourceTree = "<group>";
		};
		627E3739274E237A005B037F /* Application */ = {
			isa = PBXGroup;
			children = (
				627E3704274E20D5005B037F /* AppDelegate.swift */,
				627E373B274E4AAA005B037F /* AppServices.swift */,
			);
			path = Application;
			sourceTree = "<group>";
		};
		627E373A274E238C005B037F /* ViewControllers */ = {
			isa = PBXGroup;
			children = (
				62EC2B4E274F5A91003EDC25 /* MyPage */,
				EF9152ED274F2F850089770C /* Rank */,
				62EC2B39274F2B76003EDC25 /* Splash */,
				62EC2B31274F2223003EDC25 /* Write */,
				62EC2B29274F0E3E003EDC25 /* PostViewController */,
				62EC2B1E274EF5D3003EDC25 /* SignUp */,
				627E3756274E59DF005B037F /* SignIn */,
			);
			path = ViewControllers;
			sourceTree = "<group>";
		};
		627E373D274E4B2D005B037F /* Flow */ = {
			isa = PBXGroup;
			children = (
				627E373E274E4B64005B037F /* RankStep.swift */,
				627E3740274E4C96005B037F /* AppFlow.swift */,
				627E3742274E4D24005B037F /* AppStepper.swift */,
				627E3744274E4F0D005B037F /* SplashFlow.swift */,
				627E3746274E54FF005B037F /* SignFlow.swift */,
				62EC2B47274F4A5D003EDC25 /* HomeFlow.swift */,
			);
			path = Flow;
			sourceTree = "<group>";
		};
		627E3748274E575A005B037F /* Fonts */ = {
			isa = PBXGroup;
			children = (
				62EC2A85274E9631003EDC25 /* BlackHanSans */,
				627E3749274E5762005B037F /* NotoSansKR */,
			);
			path = Fonts;
			sourceTree = "<group>";
		};
		627E3749274E5762005B037F /* NotoSansKR */ = {
			isa = PBXGroup;
			children = (
				627E3777274E7D2E005B037F /* NotoSansKR-Black.otf */,
				627E3779274E7D2F005B037F /* NotoSansKR-Bold.otf */,
				627E3778274E7D2F005B037F /* NotoSansKR-Light.otf */,
				627E3774274E7D2D005B037F /* NotoSansKR-Medium.otf */,
				627E3775274E7D2D005B037F /* NotoSansKR-Regular.otf */,
				627E3776274E7D2E005B037F /* NotoSansKR-Thin.otf */,
			);
			path = NotoSansKR;
			sourceTree = "<group>";
		};
		627E3756274E59DF005B037F /* SignIn */ = {
			isa = PBXGroup;
			children = (
				627E3757274E5A02005B037F /* SignInViewController.swift */,
				627E3759274E5A26005B037F /* SignInViewReactor.swift */,
			);
			path = SignIn;
			sourceTree = "<group>";
		};
		627E375B274E5A5C005B037F /* Base */ = {
			isa = PBXGroup;
			children = (
				627E375C274E5AD5005B037F /* BaseViewController.swift */,
			);
			path = Base;
			sourceTree = "<group>";
		};
		627E375E274E5F6E005B037F /* Network */ = {
			isa = PBXGroup;
			children = (
				627E375F274E5F99005B037F /* Network.swift */,
				627E3761274E5FFF005B037F /* NetworkResult.swift */,
				627E3763274E6021005B037F /* NetworkError.swift */,
			);
			path = Network;
			sourceTree = "<group>";
		};
		627E3765274E63E1005B037F /* Extension */ = {
			isa = PBXGroup;
			children = (
				627E3766274E63F5005B037F /* SnapKit */,
				62EC2B1A274EA753003EDC25 /* UITextField.swift */,
				62EC2B45274F4058003EDC25 /* Date.swift */,
			);
			path = Extension;
			sourceTree = "<group>";
		};
		627E3766274E63F5005B037F /* SnapKit */ = {
			isa = PBXGroup;
			children = (
				627E3767274E6403005B037F /* SnapKit.swift */,
			);
			path = SnapKit;
			sourceTree = "<group>";
		};
		62EC2A85274E9631003EDC25 /* BlackHanSans */ = {
			isa = PBXGroup;
			children = (
				62EC2A86274E9652003EDC25 /* BlackHanSans-Regular.ttf */,
			);
			path = BlackHanSans;
			sourceTree = "<group>";
		};
		62EC2B0F274EA30A003EDC25 /* Utils */ = {
			isa = PBXGroup;
			children = (
				62EC2B16274EA376003EDC25 /* Preview */,
			);
			path = Utils;
			sourceTree = "<group>";
		};
		62EC2B16274EA376003EDC25 /* Preview */ = {
			isa = PBXGroup;
			children = (
				62EC2B10274EA321003EDC25 /* UIViewPreview.swift */,
				62EC2B12274EA354003EDC25 /* UIViewControllerPreview.swift */,
				62EC2B14274EA368003EDC25 /* DeviceType.swift */,
			);
			path = Preview;
			sourceTree = "<group>";
		};
		62EC2B17274EA641003EDC25 /* View */ = {
			isa = PBXGroup;
			children = (
				EFC07A8B274F594D008B69A1 /* CollectionView */,
				62EC2B3E274F37AE003EDC25 /* TableView */,
				62EC2B18274EA65A003EDC25 /* RankTextField.swift */,
				62EC2B1C274EAB63003EDC25 /* RankButton.swift */,
			);
			path = View;
			sourceTree = "<group>";
		};
		62EC2B1E274EF5D3003EDC25 /* SignUp */ = {
			isa = PBXGroup;
			children = (
				62EC2B1F274EF5E4003EDC25 /* SignUpViewController.swift */,
				62EC2B21274EF71D003EDC25 /* SignUpViewReactor.swift */,
			);
			path = SignUp;
			sourceTree = "<group>";
		};
		62EC2B29274F0E3E003EDC25 /* PostViewController */ = {
			isa = PBXGroup;
			children = (
				62EC2B53274F6479003EDC25 /* HotPost */,
				62EC2B4B274F52BF003EDC25 /* PostViewController */,
				62EC2B2A274F0E4F003EDC25 /* NewPost */,
			);
			path = PostViewController;
			sourceTree = "<group>";
		};
		62EC2B2A274F0E4F003EDC25 /* NewPost */ = {
			isa = PBXGroup;
			children = (
				62EC2B2B274F0E61003EDC25 /* NewPostViewController.swift */,
				62EC2B2D274F0E71003EDC25 /* NewPostViewReactor.swift */,
			);
			path = NewPost;
			sourceTree = "<group>";
		};
		62EC2B31274F2223003EDC25 /* Write */ = {
			isa = PBXGroup;
			children = (
				62EC2B32274F2235003EDC25 /* WriteViewController.swift */,
				62EC2B34274F224C003EDC25 /* WriteViewReactor.swift */,
			);
			path = Write;
			sourceTree = "<group>";
		};
		62EC2B39274F2B76003EDC25 /* Splash */ = {
			isa = PBXGroup;
			children = (
				62EC2B3A274F2B84003EDC25 /* SplashViewReactor.swift */,
				62EC2B3C274F2BFB003EDC25 /* SplashViewController.swift */,
			);
			path = Splash;
			sourceTree = "<group>";
		};
		62EC2B3E274F37AE003EDC25 /* TableView */ = {
			isa = PBXGroup;
			children = (
				62EC2B3F274F37C0003EDC25 /* PostListCell */,
			);
			path = TableView;
			sourceTree = "<group>";
		};
		62EC2B3F274F37C0003EDC25 /* PostListCell */ = {
			isa = PBXGroup;
			children = (
				62EC2B4C274F559B003EDC25 /* PostListTableViewCell.swift */,
				62EC2B40274F3897003EDC25 /* PostListCellReactor.swift */,
			);
			path = PostListCell;
			sourceTree = "<group>";
		};
		62EC2B42274F3AB5003EDC25 /* Section */ = {
			isa = PBXGroup;
			children = (
				62EC2B43274F3ACD003EDC25 /* PostViewSection.swift */,
			);
			path = Section;
			sourceTree = "<group>";
		};
		62EC2B4B274F52BF003EDC25 /* PostViewController */ = {
			isa = PBXGroup;
			children = (
				62EC2B2F274F0F9C003EDC25 /* PostViewController.swift */,
				62EC2B49274F4AFF003EDC25 /* PostViewReactor.swift */,
			);
			path = PostViewController;
			sourceTree = "<group>";
		};
		62EC2B4E274F5A91003EDC25 /* MyPage */ = {
			isa = PBXGroup;
			children = (
				62EC2B4F274F5BD8003EDC25 /* MyPageViewController.swift */,
				62EC2B51274F5BE8003EDC25 /* MyPageViewReactor.swift */,
			);
			path = MyPage;
			sourceTree = "<group>";
		};
		62EC2B53274F6479003EDC25 /* HotPost */ = {
			isa = PBXGroup;
			children = (
				62EC2B54274F648A003EDC25 /* HotPostViewController.swift */,
				62EC2B56274F64A3003EDC25 /* HotPostViewReactor.swift */,
			);
			path = HotPost;
			sourceTree = "<group>";
		};
		808733A000B7C2F27259AB20 /* Pods */ = {
			isa = PBXGroup;
			children = (
				6E3BA2AA44BB480ADDB76109 /* Pods-9Tears-iOS.debug.xcconfig */,
				CCA816EBA856F39F18FD59B3 /* Pods-9Tears-iOS.release.xcconfig */,
				329105212BB4E5C837E07AD7 /* Pods-9Tears-iOS-9Tears-iOSUITests.debug.xcconfig */,
				5CFA293C05842F8F4B59C4DF /* Pods-9Tears-iOS-9Tears-iOSUITests.release.xcconfig */,
				29F4170F6D4CB8852B41EE6E /* Pods-9Tears-iOSTests.debug.xcconfig */,
				CB9D901B39E193791E48EF7B /* Pods-9Tears-iOSTests.release.xcconfig */,
				E5FD236EBBDF71D39A57ED27 /* Pods-SW-9Tears-iOS.debug.xcconfig */,
				91EE0834EFAE0880373D1F18 /* Pods-SW-9Tears-iOS.release.xcconfig */,
				DC4F34CB85CC44EA9C9180A0 /* Pods-SW-9Tears-iOS-SW-9Tears-iOSUITests.debug.xcconfig */,
				E12A6B47D8F776C2F38F85D1 /* Pods-SW-9Tears-iOS-SW-9Tears-iOSUITests.release.xcconfig */,
				034A696C30DCD8940E1F371A /* Pods-SW-9Tears-iOSTests.debug.xcconfig */,
				E9C304E280AFA4C0E571AC03 /* Pods-SW-9Tears-iOSTests.release.xcconfig */,
			);
			path = Pods;
			sourceTree = "<group>";
		};
		BA8CDFF086F0F581C1D28239 /* Frameworks */ = {
			isa = PBXGroup;
			children = (
				4C4C006BE57DAB23CB85E00F /* Pods_SW_9Tears_iOS.framework */,
				7ED7919B3899C29AB313179E /* Pods_SW_9Tears_iOS_SW_9Tears_iOSUITests.framework */,
				6D202459CFCF91CAB66866D4 /* Pods_SW_9Tears_iOSTests.framework */,
			);
			name = Frameworks;
			sourceTree = "<group>";
		};
		EF9152ED274F2F850089770C /* Rank */ = {
			isa = PBXGroup;
			children = (
				EF9152EE274F2F9F0089770C /* RankViewController.swift */,
				EF9152F0274F2FB40089770C /* Tab */,
			);
			path = Rank;
			sourceTree = "<group>";
		};
		EF9152F0274F2FB40089770C /* Tab */ = {
			isa = PBXGroup;
			children = (
				EF9152F8274F482B0089770C /* RankComment */,
				EF9152F7274F48190089770C /* RankPost */,
			);
			path = Tab;
			sourceTree = "<group>";
		};
		EF9152F7274F48190089770C /* RankPost */ = {
			isa = PBXGroup;
			children = (
				EF9152F5274F43A50089770C /* RankPostViewReactor.swift */,
				EF9152F1274F2FF80089770C /* RankPostViewController.swift */,
			);
			path = RankPost;
			sourceTree = "<group>";
		};
		EF9152F8274F482B0089770C /* RankComment */ = {
			isa = PBXGroup;
			children = (
				EF9152F3274F30000089770C /* RankCommentViewController.swift */,
				EF9152F9274F49BC0089770C /* RankCommentViewReactor.swift */,
			);
			path = RankComment;
			sourceTree = "<group>";
		};
		EFC07A8B274F594D008B69A1 /* CollectionView */ = {
			isa = PBXGroup;
			children = (
				EFC07A8F274F6199008B69A1 /* RankCollectionViewCell.swift */,
				EFC07A91274F62D9008B69A1 /* RankView.swift */,
			);
			path = CollectionView;
			sourceTree = "<group>";
		};
/* End PBXGroup section */

/* Begin PBXNativeTarget section */
		627E3700274E20D5005B037F /* SW-9Tears-iOS */ = {
			isa = PBXNativeTarget;
			buildConfigurationList = 627E372B274E20D8005B037F /* Build configuration list for PBXNativeTarget "SW-9Tears-iOS" */;
			buildPhases = (
				FEA03B7FBEA22B1ADE1C4103 /* [CP] Check Pods Manifest.lock */,
				627E36FD274E20D5005B037F /* Sources */,
				627E36FE274E20D5005B037F /* Frameworks */,
				627E36FF274E20D5005B037F /* Resources */,
				091063D2741D51D5FCD1720C /* [CP] Embed Pods Frameworks */,
			);
			buildRules = (
			);
			dependencies = (
			);
			name = "SW-9Tears-iOS";
			productName = "9Tears-iOS";
			productReference = 627E3701274E20D5005B037F /* SW-9Tears-iOS.app */;
			productType = "com.apple.product-type.application";
		};
		627E3716274E20D8005B037F /* SW-9Tears-iOSTests */ = {
			isa = PBXNativeTarget;
			buildConfigurationList = 627E372E274E20D8005B037F /* Build configuration list for PBXNativeTarget "SW-9Tears-iOSTests" */;
			buildPhases = (
				58E20C2A0B0C6E0FD926F611 /* [CP] Check Pods Manifest.lock */,
				627E3713274E20D8005B037F /* Sources */,
				627E3714274E20D8005B037F /* Frameworks */,
				627E3715274E20D8005B037F /* Resources */,
			);
			buildRules = (
			);
			dependencies = (
				627E3719274E20D8005B037F /* PBXTargetDependency */,
			);
			name = "SW-9Tears-iOSTests";
			productName = "9Tears-iOSTests";
			productReference = 627E3717274E20D8005B037F /* SW-9Tears-iOSTests.xctest */;
			productType = "com.apple.product-type.bundle.unit-test";
		};
		627E3720274E20D8005B037F /* SW-9Tears-iOSUITests */ = {
			isa = PBXNativeTarget;
			buildConfigurationList = 627E3731274E20D8005B037F /* Build configuration list for PBXNativeTarget "SW-9Tears-iOSUITests" */;
			buildPhases = (
				ACB3BA71C540AF90F3298BD9 /* [CP] Check Pods Manifest.lock */,
				627E371D274E20D8005B037F /* Sources */,
				627E371E274E20D8005B037F /* Frameworks */,
				627E371F274E20D8005B037F /* Resources */,
				948788E787A859EE1C4BDFFE /* [CP] Embed Pods Frameworks */,
			);
			buildRules = (
			);
			dependencies = (
				627E3723274E20D8005B037F /* PBXTargetDependency */,
			);
			name = "SW-9Tears-iOSUITests";
			productName = "9Tears-iOSUITests";
			productReference = 627E3721274E20D8005B037F /* SW-9Tears-iOSUITests.xctest */;
			productType = "com.apple.product-type.bundle.ui-testing";
		};
/* End PBXNativeTarget section */

/* Begin PBXProject section */
		627E36F9274E20D5005B037F /* Project object */ = {
			isa = PBXProject;
			attributes = {
				BuildIndependentTargetsInParallel = 1;
				LastSwiftUpdateCheck = 1310;
				LastUpgradeCheck = 1310;
				TargetAttributes = {
					627E3700274E20D5005B037F = {
						CreatedOnToolsVersion = 13.1;
					};
					627E3716274E20D8005B037F = {
						CreatedOnToolsVersion = 13.1;
						TestTargetID = 627E3700274E20D5005B037F;
					};
					627E3720274E20D8005B037F = {
						CreatedOnToolsVersion = 13.1;
						TestTargetID = 627E3700274E20D5005B037F;
					};
				};
			};
			buildConfigurationList = 627E36FC274E20D5005B037F /* Build configuration list for PBXProject "SW-9Tears-iOS" */;
			compatibilityVersion = "Xcode 13.0";
			developmentRegion = en;
			hasScannedForEncodings = 0;
			knownRegions = (
				en,
				Base,
			);
			mainGroup = 627E36F8274E20D5005B037F;
			productRefGroup = 627E3702274E20D5005B037F /* Products */;
			projectDirPath = "";
			projectRoot = "";
			targets = (
				627E3700274E20D5005B037F /* SW-9Tears-iOS */,
				627E3716274E20D8005B037F /* SW-9Tears-iOSTests */,
				627E3720274E20D8005B037F /* SW-9Tears-iOSUITests */,
			);
		};
/* End PBXProject section */

/* Begin PBXResourcesBuildPhase section */
		627E36FF274E20D5005B037F /* Resources */ = {
			isa = PBXResourcesBuildPhase;
			buildActionMask = 2147483647;
			files = (
				627E377C274E7D2F005B037F /* NotoSansKR-Thin.otf in Resources */,
				627E377A274E7D2F005B037F /* NotoSansKR-Medium.otf in Resources */,
				627E377E274E7D2F005B037F /* NotoSansKR-Light.otf in Resources */,
				627E3738274E22F5005B037F /* Colors.xcassets in Resources */,
				62EC2A87274E9652003EDC25 /* BlackHanSans-Regular.ttf in Resources */,
				627E377F274E7D2F005B037F /* NotoSansKR-Bold.otf in Resources */,
				627E3711274E20D7005B037F /* LaunchScreen.storyboard in Resources */,
				627E370E274E20D7005B037F /* Assets.xcassets in Resources */,
				627E377D274E7D2F005B037F /* NotoSansKR-Black.otf in Resources */,
				627E377B274E7D2F005B037F /* NotoSansKR-Regular.otf in Resources */,
			);
			runOnlyForDeploymentPostprocessing = 0;
		};
		627E3715274E20D8005B037F /* Resources */ = {
			isa = PBXResourcesBuildPhase;
			buildActionMask = 2147483647;
			files = (
			);
			runOnlyForDeploymentPostprocessing = 0;
		};
		627E371F274E20D8005B037F /* Resources */ = {
			isa = PBXResourcesBuildPhase;
			buildActionMask = 2147483647;
			files = (
			);
			runOnlyForDeploymentPostprocessing = 0;
		};
/* End PBXResourcesBuildPhase section */

/* Begin PBXShellScriptBuildPhase section */
		091063D2741D51D5FCD1720C /* [CP] Embed Pods Frameworks */ = {
			isa = PBXShellScriptBuildPhase;
			buildActionMask = 2147483647;
			files = (
			);
			inputFileListPaths = (
				"${PODS_ROOT}/Target Support Files/Pods-SW-9Tears-iOS/Pods-SW-9Tears-iOS-frameworks-${CONFIGURATION}-input-files.xcfilelist",
			);
			name = "[CP] Embed Pods Frameworks";
			outputFileListPaths = (
				"${PODS_ROOT}/Target Support Files/Pods-SW-9Tears-iOS/Pods-SW-9Tears-iOS-frameworks-${CONFIGURATION}-output-files.xcfilelist",
			);
			runOnlyForDeploymentPostprocessing = 0;
			shellPath = /bin/sh;
			shellScript = "\"${PODS_ROOT}/Target Support Files/Pods-SW-9Tears-iOS/Pods-SW-9Tears-iOS-frameworks.sh\"\n";
			showEnvVarsInLog = 0;
		};
		58E20C2A0B0C6E0FD926F611 /* [CP] Check Pods Manifest.lock */ = {
			isa = PBXShellScriptBuildPhase;
			buildActionMask = 2147483647;
			files = (
			);
			inputFileListPaths = (
			);
			inputPaths = (
				"${PODS_PODFILE_DIR_PATH}/Podfile.lock",
				"${PODS_ROOT}/Manifest.lock",
			);
			name = "[CP] Check Pods Manifest.lock";
			outputFileListPaths = (
			);
			outputPaths = (
				"$(DERIVED_FILE_DIR)/Pods-SW-9Tears-iOSTests-checkManifestLockResult.txt",
			);
			runOnlyForDeploymentPostprocessing = 0;
			shellPath = /bin/sh;
			shellScript = "diff \"${PODS_PODFILE_DIR_PATH}/Podfile.lock\" \"${PODS_ROOT}/Manifest.lock\" > /dev/null\nif [ $? != 0 ] ; then\n    # print error to STDERR\n    echo \"error: The sandbox is not in sync with the Podfile.lock. Run 'pod install' or update your CocoaPods installation.\" >&2\n    exit 1\nfi\n# This output is used by Xcode 'outputs' to avoid re-running this script phase.\necho \"SUCCESS\" > \"${SCRIPT_OUTPUT_FILE_0}\"\n";
			showEnvVarsInLog = 0;
		};
		948788E787A859EE1C4BDFFE /* [CP] Embed Pods Frameworks */ = {
			isa = PBXShellScriptBuildPhase;
			buildActionMask = 2147483647;
			files = (
			);
			inputFileListPaths = (
				"${PODS_ROOT}/Target Support Files/Pods-SW-9Tears-iOS-SW-9Tears-iOSUITests/Pods-SW-9Tears-iOS-SW-9Tears-iOSUITests-frameworks-${CONFIGURATION}-input-files.xcfilelist",
			);
			name = "[CP] Embed Pods Frameworks";
			outputFileListPaths = (
				"${PODS_ROOT}/Target Support Files/Pods-SW-9Tears-iOS-SW-9Tears-iOSUITests/Pods-SW-9Tears-iOS-SW-9Tears-iOSUITests-frameworks-${CONFIGURATION}-output-files.xcfilelist",
			);
			runOnlyForDeploymentPostprocessing = 0;
			shellPath = /bin/sh;
			shellScript = "\"${PODS_ROOT}/Target Support Files/Pods-SW-9Tears-iOS-SW-9Tears-iOSUITests/Pods-SW-9Tears-iOS-SW-9Tears-iOSUITests-frameworks.sh\"\n";
			showEnvVarsInLog = 0;
		};
		ACB3BA71C540AF90F3298BD9 /* [CP] Check Pods Manifest.lock */ = {
			isa = PBXShellScriptBuildPhase;
			buildActionMask = 2147483647;
			files = (
			);
			inputFileListPaths = (
			);
			inputPaths = (
				"${PODS_PODFILE_DIR_PATH}/Podfile.lock",
				"${PODS_ROOT}/Manifest.lock",
			);
			name = "[CP] Check Pods Manifest.lock";
			outputFileListPaths = (
			);
			outputPaths = (
				"$(DERIVED_FILE_DIR)/Pods-SW-9Tears-iOS-SW-9Tears-iOSUITests-checkManifestLockResult.txt",
			);
			runOnlyForDeploymentPostprocessing = 0;
			shellPath = /bin/sh;
			shellScript = "diff \"${PODS_PODFILE_DIR_PATH}/Podfile.lock\" \"${PODS_ROOT}/Manifest.lock\" > /dev/null\nif [ $? != 0 ] ; then\n    # print error to STDERR\n    echo \"error: The sandbox is not in sync with the Podfile.lock. Run 'pod install' or update your CocoaPods installation.\" >&2\n    exit 1\nfi\n# This output is used by Xcode 'outputs' to avoid re-running this script phase.\necho \"SUCCESS\" > \"${SCRIPT_OUTPUT_FILE_0}\"\n";
			showEnvVarsInLog = 0;
		};
		FEA03B7FBEA22B1ADE1C4103 /* [CP] Check Pods Manifest.lock */ = {
			isa = PBXShellScriptBuildPhase;
			buildActionMask = 2147483647;
			files = (
			);
			inputFileListPaths = (
			);
			inputPaths = (
				"${PODS_PODFILE_DIR_PATH}/Podfile.lock",
				"${PODS_ROOT}/Manifest.lock",
			);
			name = "[CP] Check Pods Manifest.lock";
			outputFileListPaths = (
			);
			outputPaths = (
				"$(DERIVED_FILE_DIR)/Pods-SW-9Tears-iOS-checkManifestLockResult.txt",
			);
			runOnlyForDeploymentPostprocessing = 0;
			shellPath = /bin/sh;
			shellScript = "diff \"${PODS_PODFILE_DIR_PATH}/Podfile.lock\" \"${PODS_ROOT}/Manifest.lock\" > /dev/null\nif [ $? != 0 ] ; then\n    # print error to STDERR\n    echo \"error: The sandbox is not in sync with the Podfile.lock. Run 'pod install' or update your CocoaPods installation.\" >&2\n    exit 1\nfi\n# This output is used by Xcode 'outputs' to avoid re-running this script phase.\necho \"SUCCESS\" > \"${SCRIPT_OUTPUT_FILE_0}\"\n";
			showEnvVarsInLog = 0;
		};
/* End PBXShellScriptBuildPhase section */

/* Begin PBXSourcesBuildPhase section */
		627E36FD274E20D5005B037F /* Sources */ = {
			isa = PBXSourcesBuildPhase;
			buildActionMask = 2147483647;
			files = (
				62EC2B33274F2235003EDC25 /* WriteViewController.swift in Sources */,
				62EC2B20274EF5E4003EDC25 /* SignUpViewController.swift in Sources */,
				62EC2B48274F4A5D003EDC25 /* HomeFlow.swift in Sources */,
				62EC2B3B274F2B84003EDC25 /* SplashViewReactor.swift in Sources */,
				627E3758274E5A02005B037F /* SignInViewController.swift in Sources */,
				627E373C274E4AAB005B037F /* AppServices.swift in Sources */,
				62EC2B22274EF71D003EDC25 /* SignUpViewReactor.swift in Sources */,
				62EC2B41274F3897003EDC25 /* PostListCellReactor.swift in Sources */,
				627E375D274E5AD5005B037F /* BaseViewController.swift in Sources */,
				62EC2B2C274F0E61003EDC25 /* NewPostViewController.swift in Sources */,
				62EC2B44274F3ACD003EDC25 /* PostViewSection.swift in Sources */,
				62EC2B1D274EAB63003EDC25 /* RankButton.swift in Sources */,
				EFC07A92274F62D9008B69A1 /* RankView.swift in Sources */,
				EF9152F6274F43A60089770C /* RankPostViewReactor.swift in Sources */,
				EF9152FA274F49BC0089770C /* RankCommentViewReactor.swift in Sources */,
				EF9152F2274F2FF80089770C /* RankPostViewController.swift in Sources */,
				627E3762274E5FFF005B037F /* NetworkResult.swift in Sources */,
				627E373F274E4B64005B037F /* RankStep.swift in Sources */,
				627E3747274E54FF005B037F /* SignFlow.swift in Sources */,
				627E3768274E6403005B037F /* SnapKit.swift in Sources */,
				627E3760274E5F99005B037F /* Network.swift in Sources */,
				62EC2B4A274F4AFF003EDC25 /* PostViewReactor.swift in Sources */,
				62EC2B13274EA354003EDC25 /* UIViewControllerPreview.swift in Sources */,
				62EC2B55274F648A003EDC25 /* HotPostViewController.swift in Sources */,
				62EC2B19274EA65A003EDC25 /* RankTextField.swift in Sources */,
				62EC2B35274F224C003EDC25 /* WriteViewReactor.swift in Sources */,
				62EC2B3D274F2BFB003EDC25 /* SplashViewController.swift in Sources */,
				62EC2B2E274F0E71003EDC25 /* NewPostViewReactor.swift in Sources */,
				62EC2B4D274F559B003EDC25 /* PostListTableViewCell.swift in Sources */,
				62EC2B52274F5BE8003EDC25 /* MyPageViewReactor.swift in Sources */,
				627E3745274E4F0D005B037F /* SplashFlow.swift in Sources */,
				62EC2B30274F0F9C003EDC25 /* PostViewController.swift in Sources */,
				62EC2B46274F4058003EDC25 /* Date.swift in Sources */,
				EFC07A90274F6199008B69A1 /* RankCollectionViewCell.swift in Sources */,
				62EC2B1B274EA753003EDC25 /* UITextField.swift in Sources */,
				EF9152EF274F2F9F0089770C /* RankViewController.swift in Sources */,
				62EC2B57274F64A3003EDC25 /* HotPostViewReactor.swift in Sources */,
				62EC2B11274EA321003EDC25 /* UIViewPreview.swift in Sources */,
				627E375A274E5A26005B037F /* SignInViewReactor.swift in Sources */,
				EF9152F4274F30000089770C /* RankCommentViewController.swift in Sources */,
				627E3741274E4C96005B037F /* AppFlow.swift in Sources */,
				627E3764274E6021005B037F /* NetworkError.swift in Sources */,
				62EC2B50274F5BD8003EDC25 /* MyPageViewController.swift in Sources */,
				627E3705274E20D5005B037F /* AppDelegate.swift in Sources */,
				62EC2B15274EA368003EDC25 /* DeviceType.swift in Sources */,
				627E3773274E68B1005B037F /* Preview.swift in Sources */,
				627E3743274E4D24005B037F /* AppStepper.swift in Sources */,
			);
			runOnlyForDeploymentPostprocessing = 0;
		};
		627E3713274E20D8005B037F /* Sources */ = {
			isa = PBXSourcesBuildPhase;
			buildActionMask = 2147483647;
			files = (
				627E371C274E20D8005B037F /* _Tears_iOSTests.swift in Sources */,
			);
			runOnlyForDeploymentPostprocessing = 0;
		};
		627E371D274E20D8005B037F /* Sources */ = {
			isa = PBXSourcesBuildPhase;
			buildActionMask = 2147483647;
			files = (
				627E3728274E20D8005B037F /* _Tears_iOSUITestsLaunchTests.swift in Sources */,
				627E3726274E20D8005B037F /* _Tears_iOSUITests.swift in Sources */,
			);
			runOnlyForDeploymentPostprocessing = 0;
		};
/* End PBXSourcesBuildPhase section */

/* Begin PBXTargetDependency section */
		627E3719274E20D8005B037F /* PBXTargetDependency */ = {
			isa = PBXTargetDependency;
			target = 627E3700274E20D5005B037F /* SW-9Tears-iOS */;
			targetProxy = 627E3718274E20D8005B037F /* PBXContainerItemProxy */;
		};
		627E3723274E20D8005B037F /* PBXTargetDependency */ = {
			isa = PBXTargetDependency;
			target = 627E3700274E20D5005B037F /* SW-9Tears-iOS */;
			targetProxy = 627E3722274E20D8005B037F /* PBXContainerItemProxy */;
		};
/* End PBXTargetDependency section */

/* Begin PBXVariantGroup section */
		627E370F274E20D7005B037F /* LaunchScreen.storyboard */ = {
			isa = PBXVariantGroup;
			children = (
				627E3710274E20D7005B037F /* Base */,
			);
			name = LaunchScreen.storyboard;
			sourceTree = "<group>";
		};
/* End PBXVariantGroup section */

/* Begin XCBuildConfiguration section */
		627E3729274E20D8005B037F /* Debug */ = {
			isa = XCBuildConfiguration;
			buildSettings = {
				ALWAYS_SEARCH_USER_PATHS = NO;
				CLANG_ANALYZER_NONNULL = YES;
				CLANG_ANALYZER_NUMBER_OBJECT_CONVERSION = YES_AGGRESSIVE;
				CLANG_CXX_LANGUAGE_STANDARD = "gnu++17";
				CLANG_CXX_LIBRARY = "libc++";
				CLANG_ENABLE_MODULES = YES;
				CLANG_ENABLE_OBJC_ARC = YES;
				CLANG_ENABLE_OBJC_WEAK = YES;
				CLANG_WARN_BLOCK_CAPTURE_AUTORELEASING = YES;
				CLANG_WARN_BOOL_CONVERSION = YES;
				CLANG_WARN_COMMA = YES;
				CLANG_WARN_CONSTANT_CONVERSION = YES;
				CLANG_WARN_DEPRECATED_OBJC_IMPLEMENTATIONS = YES;
				CLANG_WARN_DIRECT_OBJC_ISA_USAGE = YES_ERROR;
				CLANG_WARN_DOCUMENTATION_COMMENTS = YES;
				CLANG_WARN_EMPTY_BODY = YES;
				CLANG_WARN_ENUM_CONVERSION = YES;
				CLANG_WARN_INFINITE_RECURSION = YES;
				CLANG_WARN_INT_CONVERSION = YES;
				CLANG_WARN_NON_LITERAL_NULL_CONVERSION = YES;
				CLANG_WARN_OBJC_IMPLICIT_RETAIN_SELF = YES;
				CLANG_WARN_OBJC_LITERAL_CONVERSION = YES;
				CLANG_WARN_OBJC_ROOT_CLASS = YES_ERROR;
				CLANG_WARN_QUOTED_INCLUDE_IN_FRAMEWORK_HEADER = YES;
				CLANG_WARN_RANGE_LOOP_ANALYSIS = YES;
				CLANG_WARN_STRICT_PROTOTYPES = YES;
				CLANG_WARN_SUSPICIOUS_MOVE = YES;
				CLANG_WARN_UNGUARDED_AVAILABILITY = YES_AGGRESSIVE;
				CLANG_WARN_UNREACHABLE_CODE = YES;
				CLANG_WARN__DUPLICATE_METHOD_MATCH = YES;
				COPY_PHASE_STRIP = NO;
				DEBUG_INFORMATION_FORMAT = dwarf;
				ENABLE_STRICT_OBJC_MSGSEND = YES;
				ENABLE_TESTABILITY = YES;
				GCC_C_LANGUAGE_STANDARD = gnu11;
				GCC_DYNAMIC_NO_PIC = NO;
				GCC_NO_COMMON_BLOCKS = YES;
				GCC_OPTIMIZATION_LEVEL = 0;
				GCC_PREPROCESSOR_DEFINITIONS = (
					"DEBUG=1",
					"$(inherited)",
				);
				GCC_WARN_64_TO_32_BIT_CONVERSION = YES;
				GCC_WARN_ABOUT_RETURN_TYPE = YES_ERROR;
				GCC_WARN_UNDECLARED_SELECTOR = YES;
				GCC_WARN_UNINITIALIZED_AUTOS = YES_AGGRESSIVE;
				GCC_WARN_UNUSED_FUNCTION = YES;
				GCC_WARN_UNUSED_VARIABLE = YES;
				IPHONEOS_DEPLOYMENT_TARGET = 15.0;
				MTL_ENABLE_DEBUG_INFO = INCLUDE_SOURCE;
				MTL_FAST_MATH = YES;
				ONLY_ACTIVE_ARCH = YES;
				SDKROOT = iphoneos;
				SWIFT_ACTIVE_COMPILATION_CONDITIONS = DEBUG;
				SWIFT_OPTIMIZATION_LEVEL = "-Onone";
			};
			name = Debug;
		};
		627E372A274E20D8005B037F /* Release */ = {
			isa = XCBuildConfiguration;
			buildSettings = {
				ALWAYS_SEARCH_USER_PATHS = NO;
				CLANG_ANALYZER_NONNULL = YES;
				CLANG_ANALYZER_NUMBER_OBJECT_CONVERSION = YES_AGGRESSIVE;
				CLANG_CXX_LANGUAGE_STANDARD = "gnu++17";
				CLANG_CXX_LIBRARY = "libc++";
				CLANG_ENABLE_MODULES = YES;
				CLANG_ENABLE_OBJC_ARC = YES;
				CLANG_ENABLE_OBJC_WEAK = YES;
				CLANG_WARN_BLOCK_CAPTURE_AUTORELEASING = YES;
				CLANG_WARN_BOOL_CONVERSION = YES;
				CLANG_WARN_COMMA = YES;
				CLANG_WARN_CONSTANT_CONVERSION = YES;
				CLANG_WARN_DEPRECATED_OBJC_IMPLEMENTATIONS = YES;
				CLANG_WARN_DIRECT_OBJC_ISA_USAGE = YES_ERROR;
				CLANG_WARN_DOCUMENTATION_COMMENTS = YES;
				CLANG_WARN_EMPTY_BODY = YES;
				CLANG_WARN_ENUM_CONVERSION = YES;
				CLANG_WARN_INFINITE_RECURSION = YES;
				CLANG_WARN_INT_CONVERSION = YES;
				CLANG_WARN_NON_LITERAL_NULL_CONVERSION = YES;
				CLANG_WARN_OBJC_IMPLICIT_RETAIN_SELF = YES;
				CLANG_WARN_OBJC_LITERAL_CONVERSION = YES;
				CLANG_WARN_OBJC_ROOT_CLASS = YES_ERROR;
				CLANG_WARN_QUOTED_INCLUDE_IN_FRAMEWORK_HEADER = YES;
				CLANG_WARN_RANGE_LOOP_ANALYSIS = YES;
				CLANG_WARN_STRICT_PROTOTYPES = YES;
				CLANG_WARN_SUSPICIOUS_MOVE = YES;
				CLANG_WARN_UNGUARDED_AVAILABILITY = YES_AGGRESSIVE;
				CLANG_WARN_UNREACHABLE_CODE = YES;
				CLANG_WARN__DUPLICATE_METHOD_MATCH = YES;
				COPY_PHASE_STRIP = NO;
				DEBUG_INFORMATION_FORMAT = "dwarf-with-dsym";
				ENABLE_NS_ASSERTIONS = NO;
				ENABLE_STRICT_OBJC_MSGSEND = YES;
				GCC_C_LANGUAGE_STANDARD = gnu11;
				GCC_NO_COMMON_BLOCKS = YES;
				GCC_WARN_64_TO_32_BIT_CONVERSION = YES;
				GCC_WARN_ABOUT_RETURN_TYPE = YES_ERROR;
				GCC_WARN_UNDECLARED_SELECTOR = YES;
				GCC_WARN_UNINITIALIZED_AUTOS = YES_AGGRESSIVE;
				GCC_WARN_UNUSED_FUNCTION = YES;
				GCC_WARN_UNUSED_VARIABLE = YES;
				IPHONEOS_DEPLOYMENT_TARGET = 15.0;
				MTL_ENABLE_DEBUG_INFO = NO;
				MTL_FAST_MATH = YES;
				SDKROOT = iphoneos;
				SWIFT_COMPILATION_MODE = wholemodule;
				SWIFT_OPTIMIZATION_LEVEL = "-O";
				VALIDATE_PRODUCT = YES;
			};
			name = Release;
		};
		627E372C274E20D8005B037F /* Debug */ = {
			isa = XCBuildConfiguration;
			baseConfigurationReference = E5FD236EBBDF71D39A57ED27 /* Pods-SW-9Tears-iOS.debug.xcconfig */;
			buildSettings = {
				ASSETCATALOG_COMPILER_APPICON_NAME = AppIcon;
				ASSETCATALOG_COMPILER_GLOBAL_ACCENT_COLOR_NAME = AccentColor;
				CODE_SIGN_STYLE = Automatic;
				CURRENT_PROJECT_VERSION = 1;
				DEVELOPMENT_TEAM = APN5U5HZ7G;
				ENABLE_PREVIEWS = NO;
				GENERATE_INFOPLIST_FILE = YES;
				INFOPLIST_FILE = "SW-9Tears-iOS/SupportingFile/Info.plist";
				INFOPLIST_KEY_UIApplicationSupportsIndirectInputEvents = YES;
				INFOPLIST_KEY_UILaunchStoryboardName = LaunchScreen;
				INFOPLIST_KEY_UISupportedInterfaceOrientations_iPad = "UIInterfaceOrientationPortrait UIInterfaceOrientationPortraitUpsideDown UIInterfaceOrientationLandscapeLeft UIInterfaceOrientationLandscapeRight";
				INFOPLIST_KEY_UISupportedInterfaceOrientations_iPhone = "UIInterfaceOrientationPortrait UIInterfaceOrientationLandscapeLeft UIInterfaceOrientationLandscapeRight";
				LD_RUNPATH_SEARCH_PATHS = (
					"$(inherited)",
					"@executable_path/Frameworks",
				);
				MARKETING_VERSION = 1.0;
				PRODUCT_BUNDLE_IDENTIFIER = "sw.hackathon.SW-9Tears-iOS";
				PRODUCT_NAME = "$(TARGET_NAME)";
				SWIFT_EMIT_LOC_STRINGS = YES;
				SWIFT_VERSION = 5.0;
				TARGETED_DEVICE_FAMILY = "1,2";
			};
			name = Debug;
		};
		627E372D274E20D8005B037F /* Release */ = {
			isa = XCBuildConfiguration;
			baseConfigurationReference = 91EE0834EFAE0880373D1F18 /* Pods-SW-9Tears-iOS.release.xcconfig */;
			buildSettings = {
				ASSETCATALOG_COMPILER_APPICON_NAME = AppIcon;
				ASSETCATALOG_COMPILER_GLOBAL_ACCENT_COLOR_NAME = AccentColor;
				CODE_SIGN_STYLE = Automatic;
				CURRENT_PROJECT_VERSION = 1;
				DEVELOPMENT_TEAM = APN5U5HZ7G;
				ENABLE_PREVIEWS = NO;
				GENERATE_INFOPLIST_FILE = YES;
				INFOPLIST_FILE = "SW-9Tears-iOS/SupportingFile/Info.plist";
				INFOPLIST_KEY_UIApplicationSupportsIndirectInputEvents = YES;
				INFOPLIST_KEY_UILaunchStoryboardName = LaunchScreen;
				INFOPLIST_KEY_UISupportedInterfaceOrientations_iPad = "UIInterfaceOrientationPortrait UIInterfaceOrientationPortraitUpsideDown UIInterfaceOrientationLandscapeLeft UIInterfaceOrientationLandscapeRight";
				INFOPLIST_KEY_UISupportedInterfaceOrientations_iPhone = "UIInterfaceOrientationPortrait UIInterfaceOrientationLandscapeLeft UIInterfaceOrientationLandscapeRight";
				LD_RUNPATH_SEARCH_PATHS = (
					"$(inherited)",
					"@executable_path/Frameworks",
				);
				MARKETING_VERSION = 1.0;
				PRODUCT_BUNDLE_IDENTIFIER = "sw.hackathon.SW-9Tears-iOS";
				PRODUCT_NAME = "$(TARGET_NAME)";
				SWIFT_EMIT_LOC_STRINGS = YES;
				SWIFT_VERSION = 5.0;
				TARGETED_DEVICE_FAMILY = "1,2";
			};
			name = Release;
		};
		627E372F274E20D8005B037F /* Debug */ = {
			isa = XCBuildConfiguration;
			baseConfigurationReference = 034A696C30DCD8940E1F371A /* Pods-SW-9Tears-iOSTests.debug.xcconfig */;
			buildSettings = {
				ALWAYS_EMBED_SWIFT_STANDARD_LIBRARIES = YES;
				BUNDLE_LOADER = "$(TEST_HOST)";
				CODE_SIGN_STYLE = Automatic;
				CURRENT_PROJECT_VERSION = 1;
				DEVELOPMENT_TEAM = Q23JLSJCCV;
				GENERATE_INFOPLIST_FILE = YES;
				IPHONEOS_DEPLOYMENT_TARGET = 15.0;
				LD_RUNPATH_SEARCH_PATHS = (
					"$(inherited)",
					"@executable_path/Frameworks",
					"@loader_path/Frameworks",
				);
				MARKETING_VERSION = 1.0;
				PRODUCT_BUNDLE_IDENTIFIER = "-021.sw.hackathon.-Tears-iOSTests";
				PRODUCT_NAME = "$(TARGET_NAME)";
				SWIFT_EMIT_LOC_STRINGS = NO;
				SWIFT_VERSION = 5.0;
				TARGETED_DEVICE_FAMILY = "1,2";
				TEST_HOST = "$(BUILT_PRODUCTS_DIR)/SW-9Tears-iOS.app/SW-9Tears-iOS";
			};
			name = Debug;
		};
		627E3730274E20D8005B037F /* Release */ = {
			isa = XCBuildConfiguration;
			baseConfigurationReference = E9C304E280AFA4C0E571AC03 /* Pods-SW-9Tears-iOSTests.release.xcconfig */;
			buildSettings = {
				ALWAYS_EMBED_SWIFT_STANDARD_LIBRARIES = YES;
				BUNDLE_LOADER = "$(TEST_HOST)";
				CODE_SIGN_STYLE = Automatic;
				CURRENT_PROJECT_VERSION = 1;
				DEVELOPMENT_TEAM = Q23JLSJCCV;
				GENERATE_INFOPLIST_FILE = YES;
				IPHONEOS_DEPLOYMENT_TARGET = 15.0;
				LD_RUNPATH_SEARCH_PATHS = (
					"$(inherited)",
					"@executable_path/Frameworks",
					"@loader_path/Frameworks",
				);
				MARKETING_VERSION = 1.0;
				PRODUCT_BUNDLE_IDENTIFIER = "-021.sw.hackathon.-Tears-iOSTests";
				PRODUCT_NAME = "$(TARGET_NAME)";
				SWIFT_EMIT_LOC_STRINGS = NO;
				SWIFT_VERSION = 5.0;
				TARGETED_DEVICE_FAMILY = "1,2";
				TEST_HOST = "$(BUILT_PRODUCTS_DIR)/SW-9Tears-iOS.app/SW-9Tears-iOS";
			};
			name = Release;
		};
		627E3732274E20D8005B037F /* Debug */ = {
			isa = XCBuildConfiguration;
			baseConfigurationReference = DC4F34CB85CC44EA9C9180A0 /* Pods-SW-9Tears-iOS-SW-9Tears-iOSUITests.debug.xcconfig */;
			buildSettings = {
				ALWAYS_EMBED_SWIFT_STANDARD_LIBRARIES = YES;
				CODE_SIGN_STYLE = Automatic;
				CURRENT_PROJECT_VERSION = 1;
				DEVELOPMENT_TEAM = Q23JLSJCCV;
				GENERATE_INFOPLIST_FILE = YES;
				LD_RUNPATH_SEARCH_PATHS = (
					"$(inherited)",
					"@executable_path/Frameworks",
					"@loader_path/Frameworks",
				);
				MARKETING_VERSION = 1.0;
				PRODUCT_BUNDLE_IDENTIFIER = "-021.sw.hackathon.-Tears-iOSUITests";
				PRODUCT_NAME = "$(TARGET_NAME)";
				SWIFT_EMIT_LOC_STRINGS = NO;
				SWIFT_VERSION = 5.0;
				TARGETED_DEVICE_FAMILY = "1,2";
				TEST_TARGET_NAME = "9Tears-iOS";
			};
			name = Debug;
		};
		627E3733274E20D8005B037F /* Release */ = {
			isa = XCBuildConfiguration;
			baseConfigurationReference = E12A6B47D8F776C2F38F85D1 /* Pods-SW-9Tears-iOS-SW-9Tears-iOSUITests.release.xcconfig */;
			buildSettings = {
				ALWAYS_EMBED_SWIFT_STANDARD_LIBRARIES = YES;
				CODE_SIGN_STYLE = Automatic;
				CURRENT_PROJECT_VERSION = 1;
				DEVELOPMENT_TEAM = Q23JLSJCCV;
				GENERATE_INFOPLIST_FILE = YES;
				LD_RUNPATH_SEARCH_PATHS = (
					"$(inherited)",
					"@executable_path/Frameworks",
					"@loader_path/Frameworks",
				);
				MARKETING_VERSION = 1.0;
				PRODUCT_BUNDLE_IDENTIFIER = "-021.sw.hackathon.-Tears-iOSUITests";
				PRODUCT_NAME = "$(TARGET_NAME)";
				SWIFT_EMIT_LOC_STRINGS = NO;
				SWIFT_VERSION = 5.0;
				TARGETED_DEVICE_FAMILY = "1,2";
				TEST_TARGET_NAME = "9Tears-iOS";
			};
			name = Release;
		};
/* End XCBuildConfiguration section */

/* Begin XCConfigurationList section */
		627E36FC274E20D5005B037F /* Build configuration list for PBXProject "SW-9Tears-iOS" */ = {
			isa = XCConfigurationList;
			buildConfigurations = (
				627E3729274E20D8005B037F /* Debug */,
				627E372A274E20D8005B037F /* Release */,
			);
			defaultConfigurationIsVisible = 0;
			defaultConfigurationName = Release;
		};
		627E372B274E20D8005B037F /* Build configuration list for PBXNativeTarget "SW-9Tears-iOS" */ = {
			isa = XCConfigurationList;
			buildConfigurations = (
				627E372C274E20D8005B037F /* Debug */,
				627E372D274E20D8005B037F /* Release */,
			);
			defaultConfigurationIsVisible = 0;
			defaultConfigurationName = Release;
		};
		627E372E274E20D8005B037F /* Build configuration list for PBXNativeTarget "SW-9Tears-iOSTests" */ = {
			isa = XCConfigurationList;
			buildConfigurations = (
				627E372F274E20D8005B037F /* Debug */,
				627E3730274E20D8005B037F /* Release */,
			);
			defaultConfigurationIsVisible = 0;
			defaultConfigurationName = Release;
		};
		627E3731274E20D8005B037F /* Build configuration list for PBXNativeTarget "SW-9Tears-iOSUITests" */ = {
			isa = XCConfigurationList;
			buildConfigurations = (
				627E3732274E20D8005B037F /* Debug */,
				627E3733274E20D8005B037F /* Release */,
			);
			defaultConfigurationIsVisible = 0;
			defaultConfigurationName = Release;
		};
/* End XCConfigurationList section */
	};
	rootObject = 627E36F9274E20D5005B037F /* Project object */;
}
